
Microsoft Visual Studio Solution File, Format Version 12.00
# Visual Studio 14
VisualStudioVersion = 14.0.25123.0
MinimumVisualStudioVersion = 10.0.40219.1
Project("{FAE04EC0-301F-11D3-BF4B-00C04F79EFBC}") = "Sistemas", "..\Sistemas\Sistemas.csproj", "{DFF98615-73BD-4E97-B388-A139E206B174}"
EndProject
Project("{FAE04EC0-301F-11D3-BF4B-00C04F79EFBC}") = "cAccesoDatosNet", "..\..\Database and tools\cAccesoDatos.NET\cAccesoDatosNet.csproj", "{D3E453AA-39B7-480F-8917-6D7F5076C3ED}"
EndProject
Project("{2150E333-8FDC-42A3-9474-1A3956D46DE8}") = "Apps", "Apps", "{1D17A21A-95D8-436A-8A3A-38AE2EF835CA}"
EndProject
Project("{2150E333-8FDC-42A3-9474-1A3956D46DE8}") = "Database", "Database", "{7B07F3AD-8948-42F3-9A6F-0297636FBF0C}"
EndProject
Project("{2150E333-8FDC-42A3-9474-1A3956D46DE8}") = "Tools", "Tools", "{9A5F1334-96A2-4343-B6B5-94245973DB55}"
EndProject
Project("{2150E333-8FDC-42A3-9474-1A3956D46DE8}") = "Espack Controls", "Espack Controls", "{740EE352-1137-4924-ADA9-AD599D1CB2BE}"
EndProject
Project("{FAE04EC0-301F-11D3-BF4B-00C04F79EFBC}") = "CTLMantenimientoNet", "..\..\EspackControls\CTLMantenimientoNet\CTLMantenimientoNet.csproj", "{3569913E-7914-44D8-B6E6-9B72164C6580}"
EndProject
Project("{FAE04EC0-301F-11D3-BF4B-00C04F79EFBC}") = "CtlVSGrid", "..\..\EspackControls\CtlVSGrid\CtlVSGrid.csproj", "{6E156F1F-61F2-402B-A942-356427642A52}"
EndProject
Project("{FAE04EC0-301F-11D3-BF4B-00C04F79EFBC}") = "EspackControls", "..\..\EspackControls\EspackControls\EspackControls.csproj", "{ECE9AA32-F756-4BE3-A926-B0771E69066B}"
EndProject
Project("{FAE04EC0-301F-11D3-BF4B-00C04F79EFBC}") = "EspackFormControls", "..\..\EspackControls\EspackFormControls\EspackFormControls.csproj", "{70432336-F038-4EF1-AF04-012AE8E6C009}"
EndProject
Project("{FAE04EC0-301F-11D3-BF4B-00C04F79EFBC}") = "EspackWPFControls", "..\..\EspackControls\EspackWPFControls\EspackWPFControls.csproj", "{6A52F432-4102-4463-A157-1F0F5805CF87}"
EndProject
Project("{FAE04EC0-301F-11D3-BF4B-00C04F79EFBC}") = "CommonTools", "..\..\Database and tools\CommonTools\CommonTools.csproj", "{9148F7E6-31F6-4F96-B7DC-AFEA449998C7}"
EndProject
Project("{2150E333-8FDC-42A3-9474-1A3956D46DE8}") = "Network", "Network", "{AD5A54CB-AD85-45E0-B075-83BD4834C36D}"
EndProject
Project("{FAE04EC0-301F-11D3-BF4B-00C04F79EFBC}") = "Owncloud", "ClassLibrary1\Owncloud.csproj", "{0F193F80-9610-4020-8974-9AAA02BD1CA8}"
EndProject
Project("{FAE04EC0-301F-11D3-BF4B-00C04F79EFBC}") = "LogOn", "LogOn\LogOn.csproj", "{E8C2A7EF-3D7E-4D4E-B594-8A7E625621C4}"
EndProject
Project("{FAE04EC0-301F-11D3-BF4B-00C04F79EFBC}") = "Renci.SshNet", "..\..\Network Libraries\Renci.SshNet\Renci.SshNet.csproj", "{2F5F8C90-0BD1-424F-997C-7BC6280919D1}"
EndProject
Project("{FAE04EC0-301F-11D3-BF4B-00C04F79EFBC}") = "cFTP", "cFTP\cFTP.csproj", "{04D920D4-F298-4006-9C6A-DA56130E8BDB}"
EndProject
Project("{FAE04EC0-301F-11D3-BF4B-00C04F79EFBC}") = "LogOnLoader", "LogOnLoader\LogOnLoader.csproj", "{690EFA4D-CC4A-4AB1-AA91-5CC2B5E66A7F}"
EndProject
Project("{FAE04EC0-301F-11D3-BF4B-00C04F79EFBC}") = "Etiquetas_CS", "Etiquetas_CS\Etiquetas_CS.csproj", "{DA37D045-029C-4B4F-AB78-5C03DDA9B94C}"
EndProject
Project("{FAE04EC0-301F-11D3-BF4B-00C04F79EFBC}") = "RawPrinterHelper", "..\..\Database and tools\RawPrinterHelper\RawPrinterHelper\RawPrinterHelper.csproj", "{265BE0FE-A0B7-4A6F-84A3-2364A5CF865E}"
EndProject
Project("{FAE04EC0-301F-11D3-BF4B-00C04F79EFBC}") = "EspackClasses", "..\..\EspackClasses\EspackClasses.csproj", "{60C3AF59-C083-4DB1-A9FF-DDEC1E429029}"
EndProject
Project("{FAE04EC0-301F-11D3-BF4B-00C04F79EFBC}") = "LogOnObjects", "LogonObjects\LogonObjects\LogOnObjects.csproj", "{5F489D49-0A82-42E5-AF0F-3B2C580FB746}"
EndProject
Project("{FAE04EC0-301F-11D3-BF4B-00C04F79EFBC}") = "DiverseControls", "..\..\EspackControls\DiverseControls\DiverseControls\DiverseControls.csproj", "{005BD28A-42C7-4785-9EB1-BD6F2B7564C3}"
EndProject
Project("{FAE04EC0-301F-11D3-BF4B-00C04F79EFBC}") = "CommonToolsWin", "..\..\Database and tools\CommonToolsWin\CommonToolsWin\CommonToolsWin.csproj", "{DE462C35-3E22-4A1F-A3A0-1BA33173C623}"
EndProject
Project("{FAE04EC0-301F-11D3-BF4B-00C04F79EFBC}") = "Simplistica", "Simplistica\Simplistica.csproj", "{E4130D08-D657-4F61-ADEA-ABD58ECBAC69}"
EndProject
Project("{2150E333-8FDC-42A3-9474-1A3956D46DE8}") = "Tests", "Tests", "{85D16BFF-F5DA-4CE8-85D0-78D26D7C6E2A}"
EndProject
Project("{FAE04EC0-301F-11D3-BF4B-00C04F79EFBC}") = "ServerSocketConsole", "..\Tests\ServerSocketConsole\ServerSocketConsole.csproj", "{995CDE43-FB3E-4E59-96F1-696D7C5F5EFA}"
EndProject
Project("{FAE04EC0-301F-11D3-BF4B-00C04F79EFBC}") = "SocketClientWinForm", "..\Tests\SocketClientWinForm\SocketClientWinForm.csproj", "{95098D3B-FB2A-4699-93AD-4379F8474BD9}"
EndProject
Project("{FAE04EC0-301F-11D3-BF4B-00C04F79EFBC}") = "SocketClientSyncConsole", "SocketClientSyncConsole\SocketClientSyncConsole.csproj", "{3B0D2D70-5D68-46AB-9D33-B89DE67C3560}"
EndProject
Global
	GlobalSection(SolutionConfigurationPlatforms) = preSolution
		Debug|Any CPU = Debug|Any CPU
		Release|Any CPU = Release|Any CPU
	EndGlobalSection
	GlobalSection(ProjectConfigurationPlatforms) = postSolution
		{DFF98615-73BD-4E97-B388-A139E206B174}.Debug|Any CPU.ActiveCfg = Debug|Any CPU
		{DFF98615-73BD-4E97-B388-A139E206B174}.Debug|Any CPU.Build.0 = Debug|Any CPU
		{DFF98615-73BD-4E97-B388-A139E206B174}.Release|Any CPU.ActiveCfg = Release|Any CPU
		{DFF98615-73BD-4E97-B388-A139E206B174}.Release|Any CPU.Build.0 = Release|Any CPU
		{D3E453AA-39B7-480F-8917-6D7F5076C3ED}.Debug|Any CPU.ActiveCfg = Debug|Any CPU
		{D3E453AA-39B7-480F-8917-6D7F5076C3ED}.Debug|Any CPU.Build.0 = Debug|Any CPU
		{D3E453AA-39B7-480F-8917-6D7F5076C3ED}.Release|Any CPU.ActiveCfg = Release|Any CPU
		{D3E453AA-39B7-480F-8917-6D7F5076C3ED}.Release|Any CPU.Build.0 = Release|Any CPU
		{3569913E-7914-44D8-B6E6-9B72164C6580}.Debug|Any CPU.ActiveCfg = Debug|Any CPU
		{3569913E-7914-44D8-B6E6-9B72164C6580}.Debug|Any CPU.Build.0 = Debug|Any CPU
		{3569913E-7914-44D8-B6E6-9B72164C6580}.Release|Any CPU.ActiveCfg = Release|Any CPU
		{3569913E-7914-44D8-B6E6-9B72164C6580}.Release|Any CPU.Build.0 = Release|Any CPU
		{6E156F1F-61F2-402B-A942-356427642A52}.Debug|Any CPU.ActiveCfg = Debug|Any CPU
		{6E156F1F-61F2-402B-A942-356427642A52}.Debug|Any CPU.Build.0 = Debug|Any CPU
		{6E156F1F-61F2-402B-A942-356427642A52}.Release|Any CPU.ActiveCfg = Release|Any CPU
		{6E156F1F-61F2-402B-A942-356427642A52}.Release|Any CPU.Build.0 = Release|Any CPU
		{ECE9AA32-F756-4BE3-A926-B0771E69066B}.Debug|Any CPU.ActiveCfg = Debug|Any CPU
		{ECE9AA32-F756-4BE3-A926-B0771E69066B}.Debug|Any CPU.Build.0 = Debug|Any CPU
		{ECE9AA32-F756-4BE3-A926-B0771E69066B}.Release|Any CPU.ActiveCfg = Release|Any CPU
		{ECE9AA32-F756-4BE3-A926-B0771E69066B}.Release|Any CPU.Build.0 = Release|Any CPU
		{70432336-F038-4EF1-AF04-012AE8E6C009}.Debug|Any CPU.ActiveCfg = Debug|Any CPU
		{70432336-F038-4EF1-AF04-012AE8E6C009}.Debug|Any CPU.Build.0 = Debug|Any CPU
		{70432336-F038-4EF1-AF04-012AE8E6C009}.Release|Any CPU.ActiveCfg = Release|Any CPU
		{70432336-F038-4EF1-AF04-012AE8E6C009}.Release|Any CPU.Build.0 = Release|Any CPU
		{6A52F432-4102-4463-A157-1F0F5805CF87}.Debug|Any CPU.ActiveCfg = Debug|Any CPU
		{6A52F432-4102-4463-A157-1F0F5805CF87}.Debug|Any CPU.Build.0 = Debug|Any CPU
		{6A52F432-4102-4463-A157-1F0F5805CF87}.Release|Any CPU.ActiveCfg = Release|Any CPU
		{6A52F432-4102-4463-A157-1F0F5805CF87}.Release|Any CPU.Build.0 = Release|Any CPU
		{9148F7E6-31F6-4F96-B7DC-AFEA449998C7}.Debug|Any CPU.ActiveCfg = Debug|Any CPU
		{9148F7E6-31F6-4F96-B7DC-AFEA449998C7}.Debug|Any CPU.Build.0 = Debug|Any CPU
		{9148F7E6-31F6-4F96-B7DC-AFEA449998C7}.Release|Any CPU.ActiveCfg = Release|Any CPU
		{9148F7E6-31F6-4F96-B7DC-AFEA449998C7}.Release|Any CPU.Build.0 = Release|Any CPU
		{0F193F80-9610-4020-8974-9AAA02BD1CA8}.Debug|Any CPU.ActiveCfg = Debug|Any CPU
		{0F193F80-9610-4020-8974-9AAA02BD1CA8}.Debug|Any CPU.Build.0 = Debug|Any CPU
		{0F193F80-9610-4020-8974-9AAA02BD1CA8}.Release|Any CPU.ActiveCfg = Release|Any CPU
		{0F193F80-9610-4020-8974-9AAA02BD1CA8}.Release|Any CPU.Build.0 = Release|Any CPU
		{E8C2A7EF-3D7E-4D4E-B594-8A7E625621C4}.Debug|Any CPU.ActiveCfg = Debug|Any CPU
		{E8C2A7EF-3D7E-4D4E-B594-8A7E625621C4}.Debug|Any CPU.Build.0 = Debug|Any CPU
		{E8C2A7EF-3D7E-4D4E-B594-8A7E625621C4}.Release|Any CPU.ActiveCfg = Release|Any CPU
		{E8C2A7EF-3D7E-4D4E-B594-8A7E625621C4}.Release|Any CPU.Build.0 = Release|Any CPU
		{2F5F8C90-0BD1-424F-997C-7BC6280919D1}.Debug|Any CPU.ActiveCfg = Debug|Any CPU
		{2F5F8C90-0BD1-424F-997C-7BC6280919D1}.Debug|Any CPU.Build.0 = Debug|Any CPU
		{2F5F8C90-0BD1-424F-997C-7BC6280919D1}.Release|Any CPU.ActiveCfg = Release|Any CPU
		{2F5F8C90-0BD1-424F-997C-7BC6280919D1}.Release|Any CPU.Build.0 = Release|Any CPU
		{04D920D4-F298-4006-9C6A-DA56130E8BDB}.Debug|Any CPU.ActiveCfg = Debug|Any CPU
		{04D920D4-F298-4006-9C6A-DA56130E8BDB}.Debug|Any CPU.Build.0 = Debug|Any CPU
		{04D920D4-F298-4006-9C6A-DA56130E8BDB}.Release|Any CPU.ActiveCfg = Release|Any CPU
		{04D920D4-F298-4006-9C6A-DA56130E8BDB}.Release|Any CPU.Build.0 = Release|Any CPU
		{690EFA4D-CC4A-4AB1-AA91-5CC2B5E66A7F}.Debug|Any CPU.ActiveCfg = Debug|Any CPU
		{690EFA4D-CC4A-4AB1-AA91-5CC2B5E66A7F}.Debug|Any CPU.Build.0 = Debug|Any CPU
		{690EFA4D-CC4A-4AB1-AA91-5CC2B5E66A7F}.Release|Any CPU.ActiveCfg = Release|Any CPU
		{690EFA4D-CC4A-4AB1-AA91-5CC2B5E66A7F}.Release|Any CPU.Build.0 = Release|Any CPU
		{DA37D045-029C-4B4F-AB78-5C03DDA9B94C}.Debug|Any CPU.ActiveCfg = Debug|Any CPU
		{DA37D045-029C-4B4F-AB78-5C03DDA9B94C}.Debug|Any CPU.Build.0 = Debug|Any CPU
		{DA37D045-029C-4B4F-AB78-5C03DDA9B94C}.Release|Any CPU.ActiveCfg = Release|Any CPU
		{DA37D045-029C-4B4F-AB78-5C03DDA9B94C}.Release|Any CPU.Build.0 = Release|Any CPU
		{265BE0FE-A0B7-4A6F-84A3-2364A5CF865E}.Debug|Any CPU.ActiveCfg = Debug|Any CPU
		{265BE0FE-A0B7-4A6F-84A3-2364A5CF865E}.Debug|Any CPU.Build.0 = Debug|Any CPU
		{265BE0FE-A0B7-4A6F-84A3-2364A5CF865E}.Release|Any CPU.ActiveCfg = Release|Any CPU
		{265BE0FE-A0B7-4A6F-84A3-2364A5CF865E}.Release|Any CPU.Build.0 = Release|Any CPU
		{60C3AF59-C083-4DB1-A9FF-DDEC1E429029}.Debug|Any CPU.ActiveCfg = Debug|Any CPU
		{60C3AF59-C083-4DB1-A9FF-DDEC1E429029}.Debug|Any CPU.Build.0 = Debug|Any CPU
		{60C3AF59-C083-4DB1-A9FF-DDEC1E429029}.Release|Any CPU.ActiveCfg = Release|Any CPU
		{60C3AF59-C083-4DB1-A9FF-DDEC1E429029}.Release|Any CPU.Build.0 = Release|Any CPU
		{5F489D49-0A82-42E5-AF0F-3B2C580FB746}.Debug|Any CPU.ActiveCfg = Debug|Any CPU
		{5F489D49-0A82-42E5-AF0F-3B2C580FB746}.Debug|Any CPU.Build.0 = Debug|Any CPU
		{5F489D49-0A82-42E5-AF0F-3B2C580FB746}.Release|Any CPU.ActiveCfg = Release|Any CPU
		{5F489D49-0A82-42E5-AF0F-3B2C580FB746}.Release|Any CPU.Build.0 = Release|Any CPU
		{005BD28A-42C7-4785-9EB1-BD6F2B7564C3}.Debug|Any CPU.ActiveCfg = Debug|Any CPU
		{005BD28A-42C7-4785-9EB1-BD6F2B7564C3}.Debug|Any CPU.Build.0 = Debug|Any CPU
		{005BD28A-42C7-4785-9EB1-BD6F2B7564C3}.Release|Any CPU.ActiveCfg = Release|Any CPU
		{005BD28A-42C7-4785-9EB1-BD6F2B7564C3}.Release|Any CPU.Build.0 = Release|Any CPU
		{DE462C35-3E22-4A1F-A3A0-1BA33173C623}.Debug|Any CPU.ActiveCfg = Debug|Any CPU
		{DE462C35-3E22-4A1F-A3A0-1BA33173C623}.Debug|Any CPU.Build.0 = Debug|Any CPU
		{DE462C35-3E22-4A1F-A3A0-1BA33173C623}.Release|Any CPU.ActiveCfg = Release|Any CPU
		{DE462C35-3E22-4A1F-A3A0-1BA33173C623}.Release|Any CPU.Build.0 = Release|Any CPU
		{E4130D08-D657-4F61-ADEA-ABD58ECBAC69}.Debug|Any CPU.ActiveCfg = Debug|Any CPU
		{E4130D08-D657-4F61-ADEA-ABD58ECBAC69}.Debug|Any CPU.Build.0 = Debug|Any CPU
		{E4130D08-D657-4F61-ADEA-ABD58ECBAC69}.Release|Any CPU.ActiveCfg = Release|Any CPU
		{E4130D08-D657-4F61-ADEA-ABD58ECBAC69}.Release|Any CPU.Build.0 = Release|Any CPU
		{995CDE43-FB3E-4E59-96F1-696D7C5F5EFA}.Debug|Any CPU.ActiveCfg = Debug|Any CPU
		{995CDE43-FB3E-4E59-96F1-696D7C5F5EFA}.Debug|Any CPU.Build.0 = Debug|Any CPU
		{995CDE43-FB3E-4E59-96F1-696D7C5F5EFA}.Release|Any CPU.ActiveCfg = Release|Any CPU
		{995CDE43-FB3E-4E59-96F1-696D7C5F5EFA}.Release|Any CPU.Build.0 = Release|Any CPU
		{95098D3B-FB2A-4699-93AD-4379F8474BD9}.Debug|Any CPU.ActiveCfg = Debug|Any CPU
		{95098D3B-FB2A-4699-93AD-4379F8474BD9}.Debug|Any CPU.Build.0 = Debug|Any CPU
		{95098D3B-FB2A-4699-93AD-4379F8474BD9}.Release|Any CPU.ActiveCfg = Release|Any CPU
		{95098D3B-FB2A-4699-93AD-4379F8474BD9}.Release|Any CPU.Build.0 = Release|Any CPU
		{3B0D2D70-5D68-46AB-9D33-B89DE67C3560}.Debug|Any CPU.ActiveCfg = Debug|Any CPU
		{3B0D2D70-5D68-46AB-9D33-B89DE67C3560}.Debug|Any CPU.Build.0 = Debug|Any CPU
		{3B0D2D70-5D68-46AB-9D33-B89DE67C3560}.Release|Any CPU.ActiveCfg = Release|Any CPU
		{3B0D2D70-5D68-46AB-9D33-B89DE67C3560}.Release|Any CPU.Build.0 = Release|Any CPU
	EndGlobalSection
	GlobalSection(SolutionProperties) = preSolution
		HideSolutionNode = FALSE
	EndGlobalSection
	GlobalSection(NestedProjects) = preSolution
		{DFF98615-73BD-4E97-B388-A139E206B174} = {1D17A21A-95D8-436A-8A3A-38AE2EF835CA}
		{D3E453AA-39B7-480F-8917-6D7F5076C3ED} = {7B07F3AD-8948-42F3-9A6F-0297636FBF0C}
		{3569913E-7914-44D8-B6E6-9B72164C6580} = {740EE352-1137-4924-ADA9-AD599D1CB2BE}
		{6E156F1F-61F2-402B-A942-356427642A52} = {740EE352-1137-4924-ADA9-AD599D1CB2BE}
		{ECE9AA32-F756-4BE3-A926-B0771E69066B} = {740EE352-1137-4924-ADA9-AD599D1CB2BE}
		{70432336-F038-4EF1-AF04-012AE8E6C009} = {740EE352-1137-4924-ADA9-AD599D1CB2BE}
		{6A52F432-4102-4463-A157-1F0F5805CF87} = {740EE352-1137-4924-ADA9-AD599D1CB2BE}
		{9148F7E6-31F6-4F96-B7DC-AFEA449998C7} = {9A5F1334-96A2-4343-B6B5-94245973DB55}
		{0F193F80-9610-4020-8974-9AAA02BD1CA8} = {9A5F1334-96A2-4343-B6B5-94245973DB55}
		{E8C2A7EF-3D7E-4D4E-B594-8A7E625621C4} = {1D17A21A-95D8-436A-8A3A-38AE2EF835CA}
		{2F5F8C90-0BD1-424F-997C-7BC6280919D1} = {AD5A54CB-AD85-45E0-B075-83BD4834C36D}
		{04D920D4-F298-4006-9C6A-DA56130E8BDB} = {AD5A54CB-AD85-45E0-B075-83BD4834C36D}
		{690EFA4D-CC4A-4AB1-AA91-5CC2B5E66A7F} = {1D17A21A-95D8-436A-8A3A-38AE2EF835CA}
		{DA37D045-029C-4B4F-AB78-5C03DDA9B94C} = {1D17A21A-95D8-436A-8A3A-38AE2EF835CA}
		{265BE0FE-A0B7-4A6F-84A3-2364A5CF865E} = {9A5F1334-96A2-4343-B6B5-94245973DB55}
		{60C3AF59-C083-4DB1-A9FF-DDEC1E429029} = {740EE352-1137-4924-ADA9-AD599D1CB2BE}
		{5F489D49-0A82-42E5-AF0F-3B2C580FB746} = {1D17A21A-95D8-436A-8A3A-38AE2EF835CA}
		{005BD28A-42C7-4785-9EB1-BD6F2B7564C3} = {740EE352-1137-4924-ADA9-AD599D1CB2BE}
		{DE462C35-3E22-4A1F-A3A0-1BA33173C623} = {9A5F1334-96A2-4343-B6B5-94245973DB55}
		{E4130D08-D657-4F61-ADEA-ABD58ECBAC69} = {1D17A21A-95D8-436A-8A3A-38AE2EF835CA}
		{995CDE43-FB3E-4E59-96F1-696D7C5F5EFA} = {85D16BFF-F5DA-4CE8-85D0-78D26D7C6E2A}
		{95098D3B-FB2A-4699-93AD-4379F8474BD9} = {85D16BFF-F5DA-4CE8-85D0-78D26D7C6E2A}
		{3B0D2D70-5D68-46AB-9D33-B89DE67C3560} = {85D16BFF-F5DA-4CE8-85D0-78D26D7C6E2A}
	EndGlobalSection
	GlobalSection(TeamFoundationVersionControl) = preSolution
		SccNumberOfProjects = 24
		SccEnterpriseProvider = {4CA58AB2-18FA-4F8D-95D4-32DDF27D184C}
		SccTeamFoundationServer = https://espack.visualstudio.com/defaultcollection
		SccLocalPath0 = .
		SccProjectUniqueName1 = ..\\Sistemas\\Sistemas.csproj
		SccProjectTopLevelParentUniqueName1 = Windows\u0020Apps.sln
		SccProjectName1 = ../Sistemas
		SccLocalPath1 = ..\\Sistemas
		SccProjectUniqueName2 = ..\\..\\EspackControls\\CTLMantenimientoNet\\CTLMantenimientoNet.csproj
		SccProjectTopLevelParentUniqueName2 = Windows\u0020Apps.sln
		SccProjectName2 = ../../EspackControls/CTLMantenimientoNet
		SccLocalPath2 = ..\\..\\EspackControls\\CTLMantenimientoNet
		SccProjectUniqueName3 = ..\\..\\EspackControls\\CtlVSGrid\\CtlVSGrid.csproj
		SccProjectTopLevelParentUniqueName3 = Windows\u0020Apps.sln
		SccProjectName3 = ../../EspackControls/CtlVSGrid
		SccLocalPath3 = ..\\..\\EspackControls\\CtlVSGrid
		SccProjectUniqueName4 = ..\\..\\EspackControls\\EspackControls\\EspackControls.csproj
		SccProjectTopLevelParentUniqueName4 = Windows\u0020Apps.sln
		SccProjectName4 = ../../EspackControls/EspackControls
		SccLocalPath4 = ..\\..\\EspackControls\\EspackControls
		SccProjectUniqueName5 = ..\\..\\EspackControls\\EspackFormControls\\EspackFormControls.csproj
		SccProjectTopLevelParentUniqueName5 = Windows\u0020Apps.sln
		SccProjectName5 = ../../EspackControls/EspackFormControls
		SccLocalPath5 = ..\\..\\EspackControls\\EspackFormControls
		SccProjectUniqueName6 = ..\\..\\EspackControls\\EspackWPFControls\\EspackWPFControls.csproj
		SccProjectTopLevelParentUniqueName6 = Windows\u0020Apps.sln
		SccProjectName6 = ../../EspackControls/EspackWPFControls
		SccLocalPath6 = ..\\..\\EspackControls\\EspackWPFControls
		SccProjectUniqueName7 = ..\\..\\Database\u0020and\u0020tools\\CommonTools\\CommonTools.csproj
		SccProjectTopLevelParentUniqueName7 = Windows\u0020Apps.sln
		SccProjectName7 = ../../Database\u0020and\u0020tools/CommonTools
		SccLocalPath7 = ..\\..\\Database\u0020and\u0020tools\\CommonTools
		SccProjectUniqueName8 = ClassLibrary1\\Owncloud.csproj
		SccProjectTopLevelParentUniqueName8 = Windows\u0020Apps.sln
		SccProjectName8 = ClassLibrary1
		SccLocalPath8 = ClassLibrary1
		SccProjectUniqueName9 = LogOn\\LogOn.csproj
		SccProjectTopLevelParentUniqueName9 = Windows\u0020Apps.sln
		SccProjectName9 = LogOn
		SccLocalPath9 = LogOn
		SccProjectUniqueName10 = ..\\..\\Network\u0020Libraries\\Renci.SshNet\\Renci.SshNet.csproj
		SccProjectTopLevelParentUniqueName10 = Windows\u0020Apps.sln
		SccProjectName10 = ../../Network\u0020Libraries/Renci.SshNet
		SccLocalPath10 = ..\\..\\Network\u0020Libraries\\Renci.SshNet
		SccProjectUniqueName11 = cFTP\\cFTP.csproj
		SccProjectTopLevelParentUniqueName11 = Windows\u0020Apps.sln
		SccProjectName11 = cFTP
		SccLocalPath11 = cFTP
		SccProjectUniqueName12 = LogOnLoader\\LogOnLoader.csproj
		SccProjectTopLevelParentUniqueName12 = Windows\u0020Apps.sln
		SccProjectName12 = LogOnLoader
		SccLocalPath12 = LogOnLoader
		SccProjectUniqueName13 = Etiquetas_CS\\Etiquetas_CS.csproj
		SccProjectTopLevelParentUniqueName13 = Windows\u0020Apps.sln
		SccProjectName13 = Etiquetas_CS
		SccLocalPath13 = Etiquetas_CS
		SccProjectUniqueName14 = LogonObjects\\LogonObjects\\LogOnObjects.csproj
		SccProjectTopLevelParentUniqueName14 = Windows\u0020Apps.sln
		SccProjectName14 = LogonObjects/LogonObjects
		SccLocalPath14 = LogonObjects\\LogonObjects
		SccProjectUniqueName15 = ..\\..\\Database\u0020and\u0020tools\\cAccesoDatos.NET\\cAccesoDatosNet.csproj
		SccProjectTopLevelParentUniqueName15 = Windows\u0020Apps.sln
		SccProjectName15 = ../../Database\u0020and\u0020tools/cAccesoDatos.NET
		SccLocalPath15 = ..\\..\\Database\u0020and\u0020tools\\cAccesoDatos.NET
		SccProjectUniqueName16 = Simplistica\\Simplistica.csproj
		SccProjectTopLevelParentUniqueName16 = Windows\u0020Apps.sln
		SccProjectName16 = Simplistica
		SccLocalPath16 = Simplistica
		SccProjectUniqueName17 = ..\\..\\Database\u0020and\u0020tools\\RawPrinterHelper\\RawPrinterHelper\\RawPrinterHelper.csproj
		SccProjectTopLevelParentUniqueName17 = Windows\u0020Apps.sln
		SccProjectName17 = ../../Database\u0020and\u0020tools/RawPrinterHelper/RawPrinterHelper
		SccLocalPath17 = ..\\..\\Database\u0020and\u0020tools\\RawPrinterHelper\\RawPrinterHelper
		SccProjectUniqueName18 = ..\\..\\EspackClasses\\EspackClasses.csproj
		SccProjectTopLevelParentUniqueName18 = Windows\u0020Apps.sln
		SccProjectName18 = ../../EspackClasses
		SccLocalPath18 = ..\\..\\EspackClasses
		SccProjectUniqueName19 = ..\\..\\EspackControls\\DiverseControls\\DiverseControls\\DiverseControls.csproj
		SccProjectTopLevelParentUniqueName19 = Windows\u0020Apps.sln
		SccProjectName19 = ../../EspackControls/DiverseControls/DiverseControls
		SccLocalPath19 = ..\\..\\EspackControls\\DiverseControls\\DiverseControls
		SccProjectUniqueName20 = ..\\..\\Database\u0020and\u0020tools\\CommonToolsWin\\CommonToolsWin\\CommonToolsWin.csproj
		SccProjectTopLevelParentUniqueName20 = Windows\u0020Apps.sln
		SccProjectName20 = ../../Database\u0020and\u0020tools/CommonToolsWin/CommonToolsWin
		SccLocalPath20 = ..\\..\\Database\u0020and\u0020tools\\CommonToolsWin\\CommonToolsWin
		SccProjectUniqueName21 = ..\\Tests\\ServerSocketConsole\\ServerSocketConsole.csproj
		SccProjectTopLevelParentUniqueName21 = Windows\u0020Apps.sln
		SccProjectName21 = ../Tests/ServerSocketConsole
		SccLocalPath21 = ..\\Tests\\ServerSocketConsole
		SccProjectUniqueName22 = SocketClientSyncConsole\\SocketClientSyncConsole.csproj
		SccProjectTopLevelParentUniqueName22 = Windows\u0020Apps.sln
		SccProjectName22 = SocketClientSyncConsole
		SccLocalPath22 = SocketClientSyncConsole
		SccProjectUniqueName23 = ..\\Tests\\SocketClientWinForm\\SocketClientWinForm.csproj
		SccProjectTopLevelParentUniqueName23 = Windows\u0020Apps.sln
		SccProjectName23 = ../Tests/SocketClientWinForm
		SccLocalPath23 = ..\\Tests\\SocketClientWinForm
	EndGlobalSection
EndGlobal
